// !$*UTF8*$!
{
	archiveVersion = 1;
	classes = {
	};
	objectVersion = 46;
	objects = {

/* Begin PBXBuildFile section */
		932472281AF56D0F004FF975 /* AppDelegate.swift in Sources */ = {isa = PBXBuildFile; fileRef = 935375971A8FD21B00F00DB4 /* AppDelegate.swift */; };
		932472291AF56D12004FF975 /* ScreenTracking.swift in Sources */ = {isa = PBXBuildFile; fileRef = 935375C31A8FDBBB00F00DB4 /* ScreenTracking.swift */; };
		9324722A1AF56D14004FF975 /* ViewControllers.swift in Sources */ = {isa = PBXBuildFile; fileRef = 935375C51A8FDC2300F00DB4 /* ViewControllers.swift */; };
		9353759D1A8FD21B00F00DB4 /* Main.storyboard in Resources */ = {isa = PBXBuildFile; fileRef = 9353759B1A8FD21B00F00DB4 /* Main.storyboard */; };
		9353759F1A8FD21B00F00DB4 /* Images.xcassets in Resources */ = {isa = PBXBuildFile; fileRef = 9353759E1A8FD21B00F00DB4 /* Images.xcassets */; };
		935375A21A8FD21B00F00DB4 /* LaunchScreen.xib in Resources */ = {isa = PBXBuildFile; fileRef = 935375A01A8FD21B00F00DB4 /* LaunchScreen.xib */; };
/* End PBXBuildFile section */

/* Begin PBXContainerItemProxy section */
		932472331AF56F3B004FF975 /* PBXContainerItemProxy */ = {
			isa = PBXContainerItemProxy;
			containerPortal = 9324722E1AF56F3B004FF975 /* Swiftalytics.xcodeproj */;
			proxyType = 2;
			remoteGlobalIDString = 9353756D1A8FD17D00F00DB4;
			remoteInfo = Swiftalytics;
		};
		932472371AF56F57004FF975 /* PBXContainerItemProxy */ = {
			isa = PBXContainerItemProxy;
			containerPortal = 9324722E1AF56F3B004FF975 /* Swiftalytics.xcodeproj */;
			proxyType = 1;
			remoteGlobalIDString = 9353756C1A8FD17D00F00DB4;
			remoteInfo = Swiftalytics;
		};
/* End PBXContainerItemProxy section */

/* Begin PBXFileReference section */
		9324722E1AF56F3B004FF975 /* Swiftalytics.xcodeproj */ = {isa = PBXFileReference; lastKnownFileType = "wrapper.pb-project"; name = Swiftalytics.xcodeproj; path = ../Swiftalytics.xcodeproj; sourceTree = "<group>"; };
		935375921A8FD21B00F00DB4 /* Example.app */ = {isa = PBXFileReference; explicitFileType = wrapper.application; includeInIndex = 0; path = Example.app; sourceTree = BUILT_PRODUCTS_DIR; };
		935375961A8FD21B00F00DB4 /* Info.plist */ = {isa = PBXFileReference; lastKnownFileType = text.plist.xml; path = Info.plist; sourceTree = "<group>"; };
		935375971A8FD21B00F00DB4 /* AppDelegate.swift */ = {isa = PBXFileReference; lastKnownFileType = sourcecode.swift; path = AppDelegate.swift; sourceTree = "<group>"; };
		9353759C1A8FD21B00F00DB4 /* Base */ = {isa = PBXFileReference; lastKnownFileType = file.storyboard; name = Base; path = Base.lproj/Main.storyboard; sourceTree = "<group>"; };
		9353759E1A8FD21B00F00DB4 /* Images.xcassets */ = {isa = PBXFileReference; lastKnownFileType = folder.assetcatalog; path = Images.xcassets; sourceTree = "<group>"; };
		935375A11A8FD21B00F00DB4 /* Base */ = {isa = PBXFileReference; lastKnownFileType = file.xib; name = Base; path = Base.lproj/LaunchScreen.xib; sourceTree = "<group>"; };
		935375C31A8FDBBB00F00DB4 /* ScreenTracking.swift */ = {isa = PBXFileReference; fileEncoding = 4; lastKnownFileType = sourcecode.swift; path = ScreenTracking.swift; sourceTree = "<group>"; };
		935375C51A8FDC2300F00DB4 /* ViewControllers.swift */ = {isa = PBXFileReference; fileEncoding = 4; lastKnownFileType = sourcecode.swift; path = ViewControllers.swift; sourceTree = "<group>"; };
/* End PBXFileReference section */

/* Begin PBXFrameworksBuildPhase section */
		9353758F1A8FD21B00F00DB4 /* Frameworks */ = {
			isa = PBXFrameworksBuildPhase;
			buildActionMask = 2147483647;
			files = (
			);
			runOnlyForDeploymentPostprocessing = 0;
		};
/* End PBXFrameworksBuildPhase section */

/* Begin PBXGroup section */
		9324722F1AF56F3B004FF975 /* Products */ = {
			isa = PBXGroup;
			children = (
				932472341AF56F3B004FF975 /* Swiftalytics.framework */,
			);
			name = Products;
			sourceTree = "<group>";
		};
		935375891A8FD21B00F00DB4 = {
			isa = PBXGroup;
			children = (
				935375941A8FD21B00F00DB4 /* Source */,
				935375931A8FD21B00F00DB4 /* Products */,
				9324722E1AF56F3B004FF975 /* Swiftalytics.xcodeproj */,
			);
			sourceTree = "<group>";
		};
		935375931A8FD21B00F00DB4 /* Products */ = {
			isa = PBXGroup;
			children = (
				935375921A8FD21B00F00DB4 /* Example.app */,
			);
			name = Products;
			sourceTree = "<group>";
		};
		935375941A8FD21B00F00DB4 /* Source */ = {
			isa = PBXGroup;
			children = (
				935375971A8FD21B00F00DB4 /* AppDelegate.swift */,
				935375C31A8FDBBB00F00DB4 /* ScreenTracking.swift */,
				935375C51A8FDC2300F00DB4 /* ViewControllers.swift */,
				9353759B1A8FD21B00F00DB4 /* Main.storyboard */,
				9353759E1A8FD21B00F00DB4 /* Images.xcassets */,
				935375A01A8FD21B00F00DB4 /* LaunchScreen.xib */,
				935375951A8FD21B00F00DB4 /* Supporting Files */,
			);
			name = Source;
			path = ./;
			sourceTree = "<group>";
		};
		935375951A8FD21B00F00DB4 /* Supporting Files */ = {
			isa = PBXGroup;
			children = (
				935375961A8FD21B00F00DB4 /* Info.plist */,
			);
			name = "Supporting Files";
			sourceTree = "<group>";
		};
/* End PBXGroup section */

/* Begin PBXNativeTarget section */
		935375911A8FD21B00F00DB4 /* Example */ = {
			isa = PBXNativeTarget;
			buildConfigurationList = 935375B11A8FD21B00F00DB4 /* Build configuration list for PBXNativeTarget "Example" */;
			buildPhases = (
				9353758E1A8FD21B00F00DB4 /* Sources */,
				9353758F1A8FD21B00F00DB4 /* Frameworks */,
				935375901A8FD21B00F00DB4 /* Resources */,
			);
			buildRules = (
			);
			dependencies = (
				932472381AF56F57004FF975 /* PBXTargetDependency */,
			);
			name = Example;
			productName = Example;
			productReference = 935375921A8FD21B00F00DB4 /* Example.app */;
			productType = "com.apple.product-type.application";
		};
/* End PBXNativeTarget section */

/* Begin PBXProject section */
		9353758A1A8FD21B00F00DB4 /* Project object */ = {
			isa = PBXProject;
			attributes = {
				LastSwiftUpdateCheck = 0700;
				LastUpgradeCheck = 0930;
				ORGANIZATIONNAME = "Apps and Wonders";
				TargetAttributes = {
					935375911A8FD21B00F00DB4 = {
						CreatedOnToolsVersion = 6.3;
						LastSwiftMigration = 0930;
					};
				};
			};
			buildConfigurationList = 9353758D1A8FD21B00F00DB4 /* Build configuration list for PBXProject "Example" */;
			compatibilityVersion = "Xcode 3.2";
			developmentRegion = English;
			hasScannedForEncodings = 0;
			knownRegions = (
				en,
				Base,
			);
			mainGroup = 935375891A8FD21B00F00DB4;
			productRefGroup = 935375931A8FD21B00F00DB4 /* Products */;
			projectDirPath = "";
			projectReferences = (
				{
					ProductGroup = 9324722F1AF56F3B004FF975 /* Products */;
					ProjectRef = 9324722E1AF56F3B004FF975 /* Swiftalytics.xcodeproj */;
				},
			);
			projectRoot = "";
			targets = (
				935375911A8FD21B00F00DB4 /* Example */,
			);
		};
/* End PBXProject section */

/* Begin PBXReferenceProxy section */
		932472341AF56F3B004FF975 /* Swiftalytics.framework */ = {
			isa = PBXReferenceProxy;
			fileType = wrapper.framework;
			path = Swiftalytics.framework;
			remoteRef = 932472331AF56F3B004FF975 /* PBXContainerItemProxy */;
			sourceTree = BUILT_PRODUCTS_DIR;
		};
/* End PBXReferenceProxy section */

/* Begin PBXResourcesBuildPhase section */
		935375901A8FD21B00F00DB4 /* Resources */ = {
			isa = PBXResourcesBuildPhase;
			buildActionMask = 2147483647;
			files = (
				9353759D1A8FD21B00F00DB4 /* Main.storyboard in Resources */,
				935375A21A8FD21B00F00DB4 /* LaunchScreen.xib in Resources */,
				9353759F1A8FD21B00F00DB4 /* Images.xcassets in Resources */,
			);
			runOnlyForDeploymentPostprocessing = 0;
		};
/* End PBXResourcesBuildPhase section */

/* Begin PBXSourcesBuildPhase section */
		9353758E1A8FD21B00F00DB4 /* Sources */ = {
			isa = PBXSourcesBuildPhase;
			buildActionMask = 2147483647;
			files = (
				932472291AF56D12004FF975 /* ScreenTracking.swift in Sources */,
				932472281AF56D0F004FF975 /* AppDelegate.swift in Sources */,
				9324722A1AF56D14004FF975 /* ViewControllers.swift in Sources */,
			);
			runOnlyForDeploymentPostprocessing = 0;
		};
/* End PBXSourcesBuildPhase section */

/* Begin PBXTargetDependency section */
		932472381AF56F57004FF975 /* PBXTargetDependency */ = {
			isa = PBXTargetDependency;
			name = Swiftalytics;
			targetProxy = 932472371AF56F57004FF975 /* PBXContainerItemProxy */;
		};
/* End PBXTargetDependency section */

/* Begin PBXVariantGroup section */
		9353759B1A8FD21B00F00DB4 /* Main.storyboard */ = {
			isa = PBXVariantGroup;
			children = (
				9353759C1A8FD21B00F00DB4 /* Base */,
			);
			name = Main.storyboard;
			sourceTree = "<group>";
		};
		935375A01A8FD21B00F00DB4 /* LaunchScreen.xib */ = {
			isa = PBXVariantGroup;
			children = (
				935375A11A8FD21B00F00DB4 /* Base */,
			);
			name = LaunchScreen.xib;
			sourceTree = "<group>";
		};
/* End PBXVariantGroup section */

/* Begin XCBuildConfiguration section */
		935375AF1A8FD21B00F00DB4 /* Debug */ = {
			isa = XCBuildConfiguration;
			buildSettings = {
				ALWAYS_SEARCH_USER_PATHS = NO;
				CLANG_CXX_LANGUAGE_STANDARD = "gnu++0x";
				CLANG_CXX_LIBRARY = "libc++";
				CLANG_ENABLE_MODULES = YES;
				CLANG_ENABLE_OBJC_ARC = YES;
				CLANG_WARN_BLOCK_CAPTURE_AUTORELEASING = YES;
				CLANG_WARN_BOOL_CONVERSION = YES;
				CLANG_WARN_COMMA = YES;
				CLANG_WARN_CONSTANT_CONVERSION = YES;
				CLANG_WARN_DEPRECATED_OBJC_IMPLEMENTATIONS = YES;
				CLANG_WARN_DIRECT_OBJC_ISA_USAGE = YES_ERROR;
				CLANG_WARN_EMPTY_BODY = YES;
				CLANG_WARN_ENUM_CONVERSION = YES;
				CLANG_WARN_INFINITE_RECURSION = YES;
				CLANG_WARN_INT_CONVERSION = YES;
				CLANG_WARN_NON_LITERAL_NULL_CONVERSION = YES;
				CLANG_WARN_OBJC_IMPLICIT_RETAIN_SELF = YES;
				CLANG_WARN_OBJC_LITERAL_CONVERSION = YES;
				CLANG_WARN_OBJC_ROOT_CLASS = YES_ERROR;
				CLANG_WARN_RANGE_LOOP_ANALYSIS = YES;
				CLANG_WARN_STRICT_PROTOTYPES = YES;
				CLANG_WARN_SUSPICIOUS_MOVE = YES;
				CLANG_WARN_UNREACHABLE_CODE = YES;
				CLANG_WARN__DUPLICATE_METHOD_MATCH = YES;
				"CODE_SIGN_IDENTITY[sdk=iphoneos*]" = "iPhone Developer";
				COPY_PHASE_STRIP = NO;
				DEBUG_INFORMATION_FORMAT = dwarf;
				ENABLE_STRICT_OBJC_MSGSEND = YES;
				ENABLE_TESTABILITY = YES;
				GCC_C_LANGUAGE_STANDARD = gnu99;
				GCC_DYNAMIC_NO_PIC = NO;
				GCC_NO_COMMON_BLOCKS = YES;
				GCC_OPTIMIZATION_LEVEL = 0;
				GCC_PREPROCESSOR_DEFINITIONS = (
					"DEBUG=1",
					"$(inherited)",
				);
				GCC_SYMBOLS_PRIVATE_EXTERN = NO;
				GCC_WARN_64_TO_32_BIT_CONVERSION = YES;
				GCC_WARN_ABOUT_RETURN_TYPE = YES_ERROR;
				GCC_WARN_UNDECLARED_SELECTOR = YES;
				GCC_WARN_UNINITIALIZED_AUTOS = YES_AGGRESSIVE;
				GCC_WARN_UNUSED_FUNCTION = YES;
				GCC_WARN_UNUSED_VARIABLE = YES;
				IPHONEOS_DEPLOYMENT_TARGET = 8.0;
				MTL_ENABLE_DEBUG_INFO = YES;
				ONLY_ACTIVE_ARCH = YES;
				SDKROOT = iphoneos;
				SWIFT_OPTIMIZATION_LEVEL = "-Onone";
			};
			name = Debug;
		};
		935375B01A8FD21B00F00DB4 /* Release */ = {
			isa = XCBuildConfiguration;
			buildSettings = {
				ALWAYS_SEARCH_USER_PATHS = NO;
				CLANG_CXX_LANGUAGE_STANDARD = "gnu++0x";
				CLANG_CXX_LIBRARY = "libc++";
				CLANG_ENABLE_MODULES = YES;
				CLANG_ENABLE_OBJC_ARC = YES;
				CLANG_WARN_BLOCK_CAPTURE_AUTORELEASING = YES;
				CLANG_WARN_BOOL_CONVERSION = YES;
				CLANG_WARN_COMMA = YES;
				CLANG_WARN_CONSTANT_CONVERSION = YES;
				CLANG_WARN_DEPRECATED_OBJC_IMPLEMENTATIONS = YES;
				CLANG_WARN_DIRECT_OBJC_ISA_USAGE = YES_ERROR;
				CLANG_WARN_EMPTY_BODY = YES;
				CLANG_WARN_ENUM_CONVERSION = YES;
				CLANG_WARN_INFINITE_RECURSION = YES;
				CLANG_WARN_INT_CONVERSION = YES;
				CLANG_WARN_NON_LITERAL_NULL_CONVERSION = YES;
				CLANG_WARN_OBJC_IMPLICIT_RETAIN_SELF = YES;
				CLANG_WARN_OBJC_LITERAL_CONVERSION = YES;
				CLANG_WARN_OBJC_ROOT_CLASS = YES_ERROR;
				CLANG_WARN_RANGE_LOOP_ANALYSIS = YES;
				CLANG_WARN_STRICT_PROTOTYPES = YES;
				CLANG_WARN_SUSPICIOUS_MOVE = YES;
				CLANG_WARN_UNREACHABLE_CODE = YES;
				CLANG_WARN__DUPLICATE_METHOD_MATCH = YES;
				"CODE_SIGN_IDENTITY[sdk=iphoneos*]" = "iPhone Developer";
				COPY_PHASE_STRIP = NO;
				DEBUG_INFORMATION_FORMAT = "dwarf-with-dsym";
				ENABLE_NS_ASSERTIONS = NO;
				ENABLE_STRICT_OBJC_MSGSEND = YES;
				GCC_C_LANGUAGE_STANDARD = gnu99;
				GCC_NO_COMMON_BLOCKS = YES;
				GCC_WARN_64_TO_32_BIT_CONVERSION = YES;
				GCC_WARN_ABOUT_RETURN_TYPE = YES_ERROR;
				GCC_WARN_UNDECLARED_SELECTOR = YES;
				GCC_WARN_UNINITIALIZED_AUTOS = YES_AGGRESSIVE;
				GCC_WARN_UNUSED_FUNCTION = YES;
				GCC_WARN_UNUSED_VARIABLE = YES;
				IPHONEOS_DEPLOYMENT_TARGET = 8.0;
				MTL_ENABLE_DEBUG_INFO = NO;
				SDKROOT = iphoneos;
				SWIFT_OPTIMIZATION_LEVEL = "-Owholemodule";
				VALIDATE_PRODUCT = YES;
			};
			name = Release;
		};
		935375B21A8FD21B00F00DB4 /* Debug */ = {
			isa = XCBuildConfiguration;
			buildSettings = {
				ASSETCATALOG_COMPILER_APPICON_NAME = AppIcon;
				FRAMEWORK_SEARCH_PATHS = "$(inherited)";
				INFOPLIST_FILE = "$(SRCROOT)/Info.plist";
				IPHONEOS_DEPLOYMENT_TARGET = 8.0;
				LD_RUNPATH_SEARCH_PATHS = "$(inherited) @executable_path/Frameworks";
				PRODUCT_BUNDLE_IDENTIFIER = "com.appsandwonders.$(PRODUCT_NAME:rfc1034identifier)";
				PRODUCT_NAME = "$(TARGET_NAME)";
				SWIFT_VERSION = 4.0;
			};
			name = Debug;
		};
		935375B31A8FD21B00F00DB4 /* Release */ = {
			isa = XCBuildConfiguration;
			buildSettings = {
				ASSETCATALOG_COMPILER_APPICON_NAME = AppIcon;
				FRAMEWORK_SEARCH_PATHS = "$(inherited)";
				INFOPLIST_FILE = "$(SRCROOT)/Info.plist";
				IPHONEOS_DEPLOYMENT_TARGET = 8.0;
				LD_RUNPATH_SEARCH_PATHS = "$(inherited) @executable_path/Frameworks";
				PRODUCT_BUNDLE_IDENTIFIER = "com.appsandwonders.$(PRODUCT_NAME:rfc1034identifier)";
				PRODUCT_NAME = "$(TARGET_NAME)";
				SWIFT_VERSION = 4.0;
			};
			name = Release;
		};
/* End XCBuildConfiguration section */

/* Begin XCConfigurationList section */
		9353758D1A8FD21B00F00DB4 /* Build configuration list for PBXProject "Example" */ = {
			isa = XCConfigurationList;
			buildConfigurations = (
				935375AF1A8FD21B00F00DB4 /* Debug */,
				935375B01A8FD21B00F00DB4 /* Release */,
			);
			defaultConfigurationIsVisible = 0;
			defaultConfigurationName = Release;
		};
		935375B11A8FD21B00F00DB4 /* Build configuration list for PBXNativeTarget "Example" */ = {
			isa = XCConfigurationList;
			buildConfigurations = (
				935375B21A8FD21B00F00DB4 /* Debug */,
				935375B31A8FD21B00F00DB4 /* Release */,
			);
			defaultConfigurationIsVisible = 0;
			defaultConfigurationName = Release;
		};
/* End XCConfigurationList section */
	};
	rootObject = 9353758A1A8FD21B00F00DB4 /* Project object */;
}
